
Microsoft Visual Studio Solution File, Format Version 12.00
# Visual Studio Version 17
VisualStudioVersion = 17.10.35004.147
MinimumVisualStudioVersion = 10.0.40219.1
Project("{C9674DCB-5085-4A16-B785-4C70DD1589BD}") = "CAPASTAGE", "CAPASTAGE\CAPASTAGE.dtproj", "{0E4F8B7A-32AA-4248-AC52-D6759D960CE9}"
EndProject
Project("{C9674DCB-5085-4A16-B785-4C70DD1589BD}") = "CapaDataMart", "CapaDataMart\CapaDataMart.dtproj", "{2D963A9C-1C18-49A1-BC7D-102B96A7CF00}"
EndProject
Global
	GlobalSection(SolutionConfigurationPlatforms) = preSolution
		Development|Default = Development|Default
	EndGlobalSection
	GlobalSection(ProjectConfigurationPlatforms) = postSolution
		{0E4F8B7A-32AA-4248-AC52-D6759D960CE9}.Development|Default.ActiveCfg = Development
		{0E4F8B7A-32AA-4248-AC52-D6759D960CE9}.Development|Default.Build.0 = Development
		{2D963A9C-1C18-49A1-BC7D-102B96A7CF00}.Development|Default.ActiveCfg = Development
		{2D963A9C-1C18-49A1-BC7D-102B96A7CF00}.Development|Default.Build.0 = Development
	EndGlobalSection
	GlobalSection(SolutionProperties) = preSolution
		HideSolutionNode = FALSE
	EndGlobalSection
	GlobalSection(ExtensibilityGlobals) = postSolution
		SolutionGuid = {F10802FA-3304-4F1D-B618-D6DE32E55FC3}
	EndGlobalSection
EndGlobal
